
Microsoft Visual Studio Solution File, Format Version 12.00
# Visual Studio Version 16
VisualStudioVersion = 16.0.30204.135
MinimumVisualStudioVersion = 10.0.40219.1
Project("{8BC9CEB8-8B4A-11D0-8D11-00A0C91BC942}") = "DllInjectionWithThreadContext", "DllInjectionWithThreadContext\DllInjectionWithThreadContext.vcxproj", "{6D6ED5A5-ACDB-4913-B73B-CAFA49E8D4BD}"
EndProject
Project("{8BC9CEB8-8B4A-11D0-8D11-00A0C91BC942}") = "BeInjectedDll", "BeInjectedDll\BeInjectedDll.vcxproj", "{6FCC3547-8CFE-4B87-B77A-9AB28A0C4DA5}"
EndProject
Project("{2150E333-8FDC-42A3-9474-1A3956D46DE8}") = "ThreadContext", "ThreadContext", "{5D75CFEC-CE73-40CA-9F99-42DCEB7B236B}"
EndProject
Project("{2150E333-8FDC-42A3-9474-1A3956D46DE8}") = "BeInjectedDll", "BeInjectedDll", "{F3CE4F00-CD80-4646-A0C9-D60651CC0351}"
EndProject
Project("{2150E333-8FDC-42A3-9474-1A3956D46DE8}") = "HangProcess", "HangProcess", "{64545F04-469A-437C-8F4A-3653658AA48C}"
EndProject
Project("{8BC9CEB8-8B4A-11D0-8D11-00A0C91BC942}") = "DllInjectionWithHangProcess", "DllInjectionWithHangProcess\DllInjectionWithHangProcess.vcxproj", "{D56575EC-6C07-4969-9F03-F57C9D940166}"
EndProject
Project("{2150E333-8FDC-42A3-9474-1A3956D46DE8}") = "Debugger", "Debugger", "{82CD80B6-8009-4CB2-9FED-9690C1B864B2}"
EndProject
Project("{8BC9CEB8-8B4A-11D0-8D11-00A0C91BC942}") = "DlljectionWithDebugger", "DlljectionWithDebugger\DlljectionWithDebugger.vcxproj", "{C8C7A344-7D68-4BF0-AD2C-1A09D677D5FC}"
EndProject
Global
	GlobalSection(SolutionConfigurationPlatforms) = preSolution
		Debug|x64 = Debug|x64
		Debug|x86 = Debug|x86
		Release|x64 = Release|x64
		Release|x86 = Release|x86
	EndGlobalSection
	GlobalSection(ProjectConfigurationPlatforms) = postSolution
		{6D6ED5A5-ACDB-4913-B73B-CAFA49E8D4BD}.Debug|x64.ActiveCfg = Debug|x64
		{6D6ED5A5-ACDB-4913-B73B-CAFA49E8D4BD}.Debug|x64.Build.0 = Debug|x64
		{6D6ED5A5-ACDB-4913-B73B-CAFA49E8D4BD}.Debug|x86.ActiveCfg = Debug|Win32
		{6D6ED5A5-ACDB-4913-B73B-CAFA49E8D4BD}.Debug|x86.Build.0 = Debug|Win32
		{6D6ED5A5-ACDB-4913-B73B-CAFA49E8D4BD}.Release|x64.ActiveCfg = Release|x64
		{6D6ED5A5-ACDB-4913-B73B-CAFA49E8D4BD}.Release|x64.Build.0 = Release|x64
		{6D6ED5A5-ACDB-4913-B73B-CAFA49E8D4BD}.Release|x86.ActiveCfg = Release|Win32
		{6D6ED5A5-ACDB-4913-B73B-CAFA49E8D4BD}.Release|x86.Build.0 = Release|Win32
		{6FCC3547-8CFE-4B87-B77A-9AB28A0C4DA5}.Debug|x64.ActiveCfg = Debug|x64
		{6FCC3547-8CFE-4B87-B77A-9AB28A0C4DA5}.Debug|x64.Build.0 = Debug|x64
		{6FCC3547-8CFE-4B87-B77A-9AB28A0C4DA5}.Debug|x86.ActiveCfg = Debug|Win32
		{6FCC3547-8CFE-4B87-B77A-9AB28A0C4DA5}.Debug|x86.Build.0 = Debug|Win32
		{6FCC3547-8CFE-4B87-B77A-9AB28A0C4DA5}.Release|x64.ActiveCfg = Release|x64
		{6FCC3547-8CFE-4B87-B77A-9AB28A0C4DA5}.Release|x64.Build.0 = Release|x64
		{6FCC3547-8CFE-4B87-B77A-9AB28A0C4DA5}.Release|x86.ActiveCfg = Release|Win32
		{6FCC3547-8CFE-4B87-B77A-9AB28A0C4DA5}.Release|x86.Build.0 = Release|Win32
		{D56575EC-6C07-4969-9F03-F57C9D940166}.Debug|x64.ActiveCfg = Debug|x64
		{D56575EC-6C07-4969-9F03-F57C9D940166}.Debug|x64.Build.0 = Debug|x64
		{D56575EC-6C07-4969-9F03-F57C9D940166}.Debug|x86.ActiveCfg = Debug|Win32
		{D56575EC-6C07-4969-9F03-F57C9D940166}.Debug|x86.Build.0 = Debug|Win32
		{D56575EC-6C07-4969-9F03-F57C9D940166}.Release|x64.ActiveCfg = Release|x64
		{D56575EC-6C07-4969-9F03-F57C9D940166}.Release|x64.Build.0 = Release|x64
		{D56575EC-6C07-4969-9F03-F57C9D940166}.Release|x86.ActiveCfg = Release|Win32
		{D56575EC-6C07-4969-9F03-F57C9D940166}.Release|x86.Build.0 = Release|Win32
		{C8C7A344-7D68-4BF0-AD2C-1A09D677D5FC}.Debug|x64.ActiveCfg = Debug|x64
		{C8C7A344-7D68-4BF0-AD2C-1A09D677D5FC}.Debug|x64.Build.0 = Debug|x64
		{C8C7A344-7D68-4BF0-AD2C-1A09D677D5FC}.Debug|x86.ActiveCfg = Debug|Win32
		{C8C7A344-7D68-4BF0-AD2C-1A09D677D5FC}.Debug|x86.Build.0 = Debug|Win32
		{C8C7A344-7D68-4BF0-AD2C-1A09D677D5FC}.Release|x64.ActiveCfg = Release|x64
		{C8C7A344-7D68-4BF0-AD2C-1A09D677D5FC}.Release|x64.Build.0 = Release|x64
		{C8C7A344-7D68-4BF0-AD2C-1A09D677D5FC}.Release|x86.ActiveCfg = Release|Win32
		{C8C7A344-7D68-4BF0-AD2C-1A09D677D5FC}.Release|x86.Build.0 = Release|Win32
	EndGlobalSection
	GlobalSection(SolutionProperties) = preSolution
		HideSolutionNode = FALSE
	EndGlobalSection
	GlobalSection(NestedProjects) = preSolution
		{6D6ED5A5-ACDB-4913-B73B-CAFA49E8D4BD} = {5D75CFEC-CE73-40CA-9F99-42DCEB7B236B}
		{6FCC3547-8CFE-4B87-B77A-9AB28A0C4DA5} = {F3CE4F00-CD80-4646-A0C9-D60651CC0351}
		{D56575EC-6C07-4969-9F03-F57C9D940166} = {64545F04-469A-437C-8F4A-3653658AA48C}
		{C8C7A344-7D68-4BF0-AD2C-1A09D677D5FC} = {82CD80B6-8009-4CB2-9FED-9690C1B864B2}
	EndGlobalSection
	GlobalSection(ExtensibilityGlobals) = postSolution
		SolutionGuid = {94F653A5-21D5-46C6-A587-D0F65F0F6086}
	EndGlobalSection
EndGlobal
